
Microsoft Visual Studio Solution File, Format Version 12.00
# Visual Studio Version 17
VisualStudioVersion = 17.10.35122.118
MinimumVisualStudioVersion = 10.0.40219.1
Project("{9A19103F-16F7-4668-BE54-9A1E7A4F7556}") = "eCommerce.API", "eCommerce.API\eCommerce.API.csproj", "{765A4B26-F7AE-41B2-BD4A-0C76949BC8C3}"
EndProject
Project("{9A19103F-16F7-4668-BE54-9A1E7A4F7556}") = "eCommerce.Models", "eCommerce.Models\eCommerce.Models.csproj", "{D30EC748-F154-4D65-B2E4-613F6EAE8913}"
EndProject
Project("{FAE04EC0-301F-11D3-BF4B-00C04F79EFBC}") = "eCommerce.Console", "eCommerce.Console\eCommerce.Console.csproj", "{B71B86E1-B88B-4723-89E6-0067B2C34078}"
EndProject
Project("{9A19103F-16F7-4668-BE54-9A1E7A4F7556}") = "eCommerce.Models.DataAnnotations", "eCommerce.Models.DataAnnotations\eCommerce.Models.DataAnnotations.csproj", "{5AE75771-7DA3-48B6-9347-B195FBE58F71}"
EndProject
Project("{9A19103F-16F7-4668-BE54-9A1E7A4F7556}") = "eCommerce.Models.FluentAPI", "eCommerce.Models.FluentAPI\eCommerce.Models.FluentAPI.csproj", "{DF4FEFF9-D00A-4F22-8CD8-85EF8E9C57D9}"
EndProject
Project("{FAE04EC0-301F-11D3-BF4B-00C04F79EFBC}") = "eCommerce.Models.Exercicio", "eCommerce.Models.Exercicio\eCommerce.Models.Exercicio.csproj", "{AAB2EEF9-B781-4E9D-8214-B07107FA8F06}"
EndProject
Global
	GlobalSection(SolutionConfigurationPlatforms) = preSolution
		Debug|Any CPU = Debug|Any CPU
		Release|Any CPU = Release|Any CPU
	EndGlobalSection
	GlobalSection(ProjectConfigurationPlatforms) = postSolution
		{765A4B26-F7AE-41B2-BD4A-0C76949BC8C3}.Debug|Any CPU.ActiveCfg = Debug|Any CPU
		{765A4B26-F7AE-41B2-BD4A-0C76949BC8C3}.Debug|Any CPU.Build.0 = Debug|Any CPU
		{765A4B26-F7AE-41B2-BD4A-0C76949BC8C3}.Release|Any CPU.ActiveCfg = Release|Any CPU
		{765A4B26-F7AE-41B2-BD4A-0C76949BC8C3}.Release|Any CPU.Build.0 = Release|Any CPU
		{D30EC748-F154-4D65-B2E4-613F6EAE8913}.Debug|Any CPU.ActiveCfg = Debug|Any CPU
		{D30EC748-F154-4D65-B2E4-613F6EAE8913}.Debug|Any CPU.Build.0 = Debug|Any CPU
		{D30EC748-F154-4D65-B2E4-613F6EAE8913}.Release|Any CPU.ActiveCfg = Release|Any CPU
		{D30EC748-F154-4D65-B2E4-613F6EAE8913}.Release|Any CPU.Build.0 = Release|Any CPU
		{B71B86E1-B88B-4723-89E6-0067B2C34078}.Debug|Any CPU.ActiveCfg = Debug|Any CPU
		{B71B86E1-B88B-4723-89E6-0067B2C34078}.Debug|Any CPU.Build.0 = Debug|Any CPU
		{B71B86E1-B88B-4723-89E6-0067B2C34078}.Release|Any CPU.ActiveCfg = Release|Any CPU
		{B71B86E1-B88B-4723-89E6-0067B2C34078}.Release|Any CPU.Build.0 = Release|Any CPU
		{5AE75771-7DA3-48B6-9347-B195FBE58F71}.Debug|Any CPU.ActiveCfg = Debug|Any CPU
		{5AE75771-7DA3-48B6-9347-B195FBE58F71}.Debug|Any CPU.Build.0 = Debug|Any CPU
		{5AE75771-7DA3-48B6-9347-B195FBE58F71}.Release|Any CPU.ActiveCfg = Release|Any CPU
		{5AE75771-7DA3-48B6-9347-B195FBE58F71}.Release|Any CPU.Build.0 = Release|Any CPU
		{DF4FEFF9-D00A-4F22-8CD8-85EF8E9C57D9}.Debug|Any CPU.ActiveCfg = Debug|Any CPU
		{DF4FEFF9-D00A-4F22-8CD8-85EF8E9C57D9}.Debug|Any CPU.Build.0 = Debug|Any CPU
		{DF4FEFF9-D00A-4F22-8CD8-85EF8E9C57D9}.Release|Any CPU.ActiveCfg = Release|Any CPU
		{DF4FEFF9-D00A-4F22-8CD8-85EF8E9C57D9}.Release|Any CPU.Build.0 = Release|Any CPU
		{AAB2EEF9-B781-4E9D-8214-B07107FA8F06}.Debug|Any CPU.ActiveCfg = Debug|Any CPU
		{AAB2EEF9-B781-4E9D-8214-B07107FA8F06}.Debug|Any CPU.Build.0 = Debug|Any CPU
		{AAB2EEF9-B781-4E9D-8214-B07107FA8F06}.Release|Any CPU.ActiveCfg = Release|Any CPU
		{AAB2EEF9-B781-4E9D-8214-B07107FA8F06}.Release|Any CPU.Build.0 = Release|Any CPU
	EndGlobalSection
	GlobalSection(SolutionProperties) = preSolution
		HideSolutionNode = FALSE
	EndGlobalSection
	GlobalSection(ExtensibilityGlobals) = postSolution
		SolutionGuid = {6DAD77CD-A304-44B9-90FB-120FA01ABF9B}
	EndGlobalSection
EndGlobal
